// !$*UTF8*$!
{
	archiveVersion = 1;
	classes = {
	};
	objectVersion = 50;
	objects = {

/* Begin PBXBuildFile section */
		5E0F2FA826AC3D2A0048CC70 /* EEZoomableImageView.swift in Sources */ = {isa = PBXBuildFile; fileRef = 5E0F2FA726AC3D2A0048CC70 /* EEZoomableImageView.swift */; };
		5E24DD7326ABFB1900909A3A /* AppDelegate.swift in Sources */ = {isa = PBXBuildFile; fileRef = 5E24DD7226ABFB1900909A3A /* AppDelegate.swift */; };
		5E24DD7526ABFB1900909A3A /* SceneDelegate.swift in Sources */ = {isa = PBXBuildFile; fileRef = 5E24DD7426ABFB1900909A3A /* SceneDelegate.swift */; };
		5E24DD7726ABFB1900909A3A /* NewsListViewController.swift in Sources */ = {isa = PBXBuildFile; fileRef = 5E24DD7626ABFB1900909A3A /* NewsListViewController.swift */; };
		5E24DD7A26ABFB1900909A3A /* Main.storyboard in Resources */ = {isa = PBXBuildFile; fileRef = 5E24DD7826ABFB1900909A3A /* Main.storyboard */; };
		5E24DD7D26ABFB1900909A3A /* Nirmal_PracticalTest.xcdatamodeld in Sources */ = {isa = PBXBuildFile; fileRef = 5E24DD7B26ABFB1900909A3A /* Nirmal_PracticalTest.xcdatamodeld */; };
		5E24DD7F26ABFB1A00909A3A /* Assets.xcassets in Resources */ = {isa = PBXBuildFile; fileRef = 5E24DD7E26ABFB1A00909A3A /* Assets.xcassets */; };
		5E24DD8226ABFB1A00909A3A /* LaunchScreen.storyboard in Resources */ = {isa = PBXBuildFile; fileRef = 5E24DD8026ABFB1A00909A3A /* LaunchScreen.storyboard */; };
		5E24DD8D26ABFB1A00909A3A /* Nirmal_PracticalTestTests.swift in Sources */ = {isa = PBXBuildFile; fileRef = 5E24DD8C26ABFB1A00909A3A /* Nirmal_PracticalTestTests.swift */; };
		5E24DD9826ABFB1A00909A3A /* Nirmal_PracticalTestUITests.swift in Sources */ = {isa = PBXBuildFile; fileRef = 5E24DD9726ABFB1A00909A3A /* Nirmal_PracticalTestUITests.swift */; };
		5E24DDAB26ABFE1F00909A3A /* News.swift in Sources */ = {isa = PBXBuildFile; fileRef = 5E24DDA826ABFE1E00909A3A /* News.swift */; };
		5E24DDAC26ABFE1F00909A3A /* Articles.swift in Sources */ = {isa = PBXBuildFile; fileRef = 5E24DDA926ABFE1E00909A3A /* Articles.swift */; };
		5E24DDAD26ABFE1F00909A3A /* Source.swift in Sources */ = {isa = PBXBuildFile; fileRef = 5E24DDAA26ABFE1F00909A3A /* Source.swift */; };
		5E24DDBA26ABFEAC00909A3A /* Contant.swift in Sources */ = {isa = PBXBuildFile; fileRef = 5E24DDB926ABFEAC00909A3A /* Contant.swift */; };
		5E24DDCC26AC01D500909A3A /* NewsCell.swift in Sources */ = {isa = PBXBuildFile; fileRef = 5E24DDCA26AC01D500909A3A /* NewsCell.swift */; };
		5E24DDCD26AC01D500909A3A /* NewsCell.xib in Resources */ = {isa = PBXBuildFile; fileRef = 5E24DDCB26AC01D500909A3A /* NewsCell.xib */; };
		5E24DDD226AC06FF00909A3A /* Extensions.swift in Sources */ = {isa = PBXBuildFile; fileRef = 5E24DDD126AC06FF00909A3A /* Extensions.swift */; };
		5E24DDD726AC0FA600909A3A /* NewsDetailViewController.swift in Sources */ = {isa = PBXBuildFile; fileRef = 5E24DDD626AC0FA600909A3A /* NewsDetailViewController.swift */; };
		5E24DDDC26AC1DBE00909A3A /* WebViewViewController.swift in Sources */ = {isa = PBXBuildFile; fileRef = 5E24DDDB26AC1DBE00909A3A /* WebViewViewController.swift */; };
		5E24DDE126AC2A3000909A3A /* DatabaseManager.swift in Sources */ = {isa = PBXBuildFile; fileRef = 5E24DDE026AC2A3000909A3A /* DatabaseManager.swift */; };
/* End PBXBuildFile section */

/* Begin PBXContainerItemProxy section */
		5E24DD8926ABFB1A00909A3A /* PBXContainerItemProxy */ = {
			isa = PBXContainerItemProxy;
			containerPortal = 5E24DD6726ABFB1900909A3A /* Project object */;
			proxyType = 1;
			remoteGlobalIDString = 5E24DD6E26ABFB1900909A3A;
			remoteInfo = Nirmal_PracticalTest;
		};
		5E24DD9426ABFB1A00909A3A /* PBXContainerItemProxy */ = {
			isa = PBXContainerItemProxy;
			containerPortal = 5E24DD6726ABFB1900909A3A /* Project object */;
			proxyType = 1;
			remoteGlobalIDString = 5E24DD6E26ABFB1900909A3A;
			remoteInfo = Nirmal_PracticalTest;
		};
/* End PBXContainerItemProxy section */

/* Begin PBXFileReference section */
		5E0F2FA726AC3D2A0048CC70 /* EEZoomableImageView.swift */ = {isa = PBXFileReference; fileEncoding = 4; lastKnownFileType = sourcecode.swift; path = EEZoomableImageView.swift; sourceTree = "<group>"; };
		5E24DD6F26ABFB1900909A3A /* Nirmal_PracticalTest.app */ = {isa = PBXFileReference; explicitFileType = wrapper.application; includeInIndex = 0; path = Nirmal_PracticalTest.app; sourceTree = BUILT_PRODUCTS_DIR; };
		5E24DD7226ABFB1900909A3A /* AppDelegate.swift */ = {isa = PBXFileReference; lastKnownFileType = sourcecode.swift; path = AppDelegate.swift; sourceTree = "<group>"; };
		5E24DD7426ABFB1900909A3A /* SceneDelegate.swift */ = {isa = PBXFileReference; lastKnownFileType = sourcecode.swift; path = SceneDelegate.swift; sourceTree = "<group>"; };
		5E24DD7626ABFB1900909A3A /* NewsListViewController.swift */ = {isa = PBXFileReference; lastKnownFileType = sourcecode.swift; path = NewsListViewController.swift; sourceTree = "<group>"; };
		5E24DD7926ABFB1900909A3A /* Base */ = {isa = PBXFileReference; lastKnownFileType = file.storyboard; name = Base; path = Base.lproj/Main.storyboard; sourceTree = "<group>"; };
		5E24DD7C26ABFB1900909A3A /* Nirmal_PracticalTest.xcdatamodel */ = {isa = PBXFileReference; lastKnownFileType = wrapper.xcdatamodel; path = Nirmal_PracticalTest.xcdatamodel; sourceTree = "<group>"; };
		5E24DD7E26ABFB1A00909A3A /* Assets.xcassets */ = {isa = PBXFileReference; lastKnownFileType = folder.assetcatalog; path = Assets.xcassets; sourceTree = "<group>"; };
		5E24DD8126ABFB1A00909A3A /* Base */ = {isa = PBXFileReference; lastKnownFileType = file.storyboard; name = Base; path = Base.lproj/LaunchScreen.storyboard; sourceTree = "<group>"; };
		5E24DD8326ABFB1A00909A3A /* Info.plist */ = {isa = PBXFileReference; lastKnownFileType = text.plist.xml; path = Info.plist; sourceTree = "<group>"; };
		5E24DD8826ABFB1A00909A3A /* Nirmal_PracticalTestTests.xctest */ = {isa = PBXFileReference; explicitFileType = wrapper.cfbundle; includeInIndex = 0; path = Nirmal_PracticalTestTests.xctest; sourceTree = BUILT_PRODUCTS_DIR; };
		5E24DD8C26ABFB1A00909A3A /* Nirmal_PracticalTestTests.swift */ = {isa = PBXFileReference; lastKnownFileType = sourcecode.swift; path = Nirmal_PracticalTestTests.swift; sourceTree = "<group>"; };
		5E24DD8E26ABFB1A00909A3A /* Info.plist */ = {isa = PBXFileReference; lastKnownFileType = text.plist.xml; path = Info.plist; sourceTree = "<group>"; };
		5E24DD9326ABFB1A00909A3A /* Nirmal_PracticalTestUITests.xctest */ = {isa = PBXFileReference; explicitFileType = wrapper.cfbundle; includeInIndex = 0; path = Nirmal_PracticalTestUITests.xctest; sourceTree = BUILT_PRODUCTS_DIR; };
		5E24DD9726ABFB1A00909A3A /* Nirmal_PracticalTestUITests.swift */ = {isa = PBXFileReference; lastKnownFileType = sourcecode.swift; path = Nirmal_PracticalTestUITests.swift; sourceTree = "<group>"; };
		5E24DD9926ABFB1A00909A3A /* Info.plist */ = {isa = PBXFileReference; lastKnownFileType = text.plist.xml; path = Info.plist; sourceTree = "<group>"; };
		5E24DDA826ABFE1E00909A3A /* News.swift */ = {isa = PBXFileReference; fileEncoding = 4; lastKnownFileType = sourcecode.swift; path = News.swift; sourceTree = "<group>"; };
		5E24DDA926ABFE1E00909A3A /* Articles.swift */ = {isa = PBXFileReference; fileEncoding = 4; lastKnownFileType = sourcecode.swift; path = Articles.swift; sourceTree = "<group>"; };
		5E24DDAA26ABFE1F00909A3A /* Source.swift */ = {isa = PBXFileReference; fileEncoding = 4; lastKnownFileType = sourcecode.swift; path = Source.swift; sourceTree = "<group>"; };
		5E24DDB926ABFEAC00909A3A /* Contant.swift */ = {isa = PBXFileReference; lastKnownFileType = sourcecode.swift; path = Contant.swift; sourceTree = "<group>"; };
		5E24DDCA26AC01D500909A3A /* NewsCell.swift */ = {isa = PBXFileReference; lastKnownFileType = sourcecode.swift; path = NewsCell.swift; sourceTree = "<group>"; };
		5E24DDCB26AC01D500909A3A /* NewsCell.xib */ = {isa = PBXFileReference; lastKnownFileType = file.xib; path = NewsCell.xib; sourceTree = "<group>"; };
		5E24DDD126AC06FF00909A3A /* Extensions.swift */ = {isa = PBXFileReference; lastKnownFileType = sourcecode.swift; path = Extensions.swift; sourceTree = "<group>"; };
		5E24DDD626AC0FA600909A3A /* NewsDetailViewController.swift */ = {isa = PBXFileReference; lastKnownFileType = sourcecode.swift; path = NewsDetailViewController.swift; sourceTree = "<group>"; };
		5E24DDDB26AC1DBE00909A3A /* WebViewViewController.swift */ = {isa = PBXFileReference; lastKnownFileType = sourcecode.swift; path = WebViewViewController.swift; sourceTree = "<group>"; };
		5E24DDE026AC2A3000909A3A /* DatabaseManager.swift */ = {isa = PBXFileReference; lastKnownFileType = sourcecode.swift; path = DatabaseManager.swift; sourceTree = "<group>"; };
/* End PBXFileReference section */

/* Begin PBXFrameworksBuildPhase section */
		5E24DD6C26ABFB1900909A3A /* Frameworks */ = {
			isa = PBXFrameworksBuildPhase;
			buildActionMask = 2147483647;
			files = (
			);
			runOnlyForDeploymentPostprocessing = 0;
		};
		5E24DD8526ABFB1A00909A3A /* Frameworks */ = {
			isa = PBXFrameworksBuildPhase;
			buildActionMask = 2147483647;
			files = (
			);
			runOnlyForDeploymentPostprocessing = 0;
		};
		5E24DD9026ABFB1A00909A3A /* Frameworks */ = {
			isa = PBXFrameworksBuildPhase;
			buildActionMask = 2147483647;
			files = (
			);
			runOnlyForDeploymentPostprocessing = 0;
		};
/* End PBXFrameworksBuildPhase section */

/* Begin PBXGroup section */
		5E24DD6626ABFB1900909A3A = {
			isa = PBXGroup;
			children = (
				5E24DD7126ABFB1900909A3A /* Nirmal_PracticalTest */,
				5E24DD8B26ABFB1A00909A3A /* Nirmal_PracticalTestTests */,
				5E24DD9626ABFB1A00909A3A /* Nirmal_PracticalTestUITests */,
				5E24DD7026ABFB1900909A3A /* Products */,
			);
			sourceTree = "<group>";
		};
		5E24DD7026ABFB1900909A3A /* Products */ = {
			isa = PBXGroup;
			children = (
				5E24DD6F26ABFB1900909A3A /* Nirmal_PracticalTest.app */,
				5E24DD8826ABFB1A00909A3A /* Nirmal_PracticalTestTests.xctest */,
				5E24DD9326ABFB1A00909A3A /* Nirmal_PracticalTestUITests.xctest */,
			);
			name = Products;
			sourceTree = "<group>";
		};
		5E24DD7126ABFB1900909A3A /* Nirmal_PracticalTest */ = {
			isa = PBXGroup;
			children = (
				5E24DD7226ABFB1900909A3A /* AppDelegate.swift */,
				5E24DD7426ABFB1900909A3A /* SceneDelegate.swift */,
				5E24DDC126AC019D00909A3A /* CustomCell */,
				5E24DDB426ABFE3700909A3A /* Model */,
				5E24DDB526ABFE4D00909A3A /* Controllers */,
				5E24DD7826ABFB1900909A3A /* Main.storyboard */,
				5E24DD7E26ABFB1A00909A3A /* Assets.xcassets */,
				5E24DD8026ABFB1A00909A3A /* LaunchScreen.storyboard */,
				5E24DD8326ABFB1A00909A3A /* Info.plist */,
				5E24DD7B26ABFB1900909A3A /* Nirmal_PracticalTest.xcdatamodeld */,
				5E24DDB926ABFEAC00909A3A /* Contant.swift */,
				5E0F2FA726AC3D2A0048CC70 /* EEZoomableImageView.swift */,
				5E24DDE026AC2A3000909A3A /* DatabaseManager.swift */,
				5E24DDD126AC06FF00909A3A /* Extensions.swift */,
			);
			path = Nirmal_PracticalTest;
			sourceTree = "<group>";
		};
		5E24DD8B26ABFB1A00909A3A /* Nirmal_PracticalTestTests */ = {
			isa = PBXGroup;
			children = (
				5E24DD8C26ABFB1A00909A3A /* Nirmal_PracticalTestTests.swift */,
				5E24DD8E26ABFB1A00909A3A /* Info.plist */,
			);
			path = Nirmal_PracticalTestTests;
			sourceTree = "<group>";
		};
		5E24DD9626ABFB1A00909A3A /* Nirmal_PracticalTestUITests */ = {
			isa = PBXGroup;
			children = (
				5E24DD9726ABFB1A00909A3A /* Nirmal_PracticalTestUITests.swift */,
				5E24DD9926ABFB1A00909A3A /* Info.plist */,
			);
			path = Nirmal_PracticalTestUITests;
			sourceTree = "<group>";
		};
		5E24DDB426ABFE3700909A3A /* Model */ = {
			isa = PBXGroup;
			children = (
				5E24DDA926ABFE1E00909A3A /* Articles.swift */,
				5E24DDA826ABFE1E00909A3A /* News.swift */,
				5E24DDAA26ABFE1F00909A3A /* Source.swift */,
			);
			path = Model;
			sourceTree = "<group>";
		};
		5E24DDB526ABFE4D00909A3A /* Controllers */ = {
			isa = PBXGroup;
			children = (
				5E24DD7626ABFB1900909A3A /* NewsListViewController.swift */,
				5E24DDD626AC0FA600909A3A /* NewsDetailViewController.swift */,
				5E24DDDB26AC1DBE00909A3A /* WebViewViewController.swift */,
			);
			path = Controllers;
			sourceTree = "<group>";
		};
		5E24DDC126AC019D00909A3A /* CustomCell */ = {
			isa = PBXGroup;
			children = (
				5E24DDCA26AC01D500909A3A /* NewsCell.swift */,
				5E24DDCB26AC01D500909A3A /* NewsCell.xib */,
			);
			path = CustomCell;
			sourceTree = "<group>";
		};
/* End PBXGroup section */

/* Begin PBXNativeTarget section */
		5E24DD6E26ABFB1900909A3A /* Nirmal_PracticalTest */ = {
			isa = PBXNativeTarget;
			buildConfigurationList = 5E24DD9C26ABFB1A00909A3A /* Build configuration list for PBXNativeTarget "Nirmal_PracticalTest" */;
			buildPhases = (
				5E24DD6B26ABFB1900909A3A /* Sources */,
				5E24DD6C26ABFB1900909A3A /* Frameworks */,
				5E24DD6D26ABFB1900909A3A /* Resources */,
			);
			buildRules = (
			);
			dependencies = (
			);
			name = Nirmal_PracticalTest;
			productName = Nirmal_PracticalTest;
			productReference = 5E24DD6F26ABFB1900909A3A /* Nirmal_PracticalTest.app */;
			productType = "com.apple.product-type.application";
		};
		5E24DD8726ABFB1A00909A3A /* Nirmal_PracticalTestTests */ = {
			isa = PBXNativeTarget;
			buildConfigurationList = 5E24DD9F26ABFB1A00909A3A /* Build configuration list for PBXNativeTarget "Nirmal_PracticalTestTests" */;
			buildPhases = (
				5E24DD8426ABFB1A00909A3A /* Sources */,
				5E24DD8526ABFB1A00909A3A /* Frameworks */,
				5E24DD8626ABFB1A00909A3A /* Resources */,
			);
			buildRules = (
			);
			dependencies = (
				5E24DD8A26ABFB1A00909A3A /* PBXTargetDependency */,
			);
			name = Nirmal_PracticalTestTests;
			productName = Nirmal_PracticalTestTests;
			productReference = 5E24DD8826ABFB1A00909A3A /* Nirmal_PracticalTestTests.xctest */;
			productType = "com.apple.product-type.bundle.unit-test";
		};
		5E24DD9226ABFB1A00909A3A /* Nirmal_PracticalTestUITests */ = {
			isa = PBXNativeTarget;
			buildConfigurationList = 5E24DDA226ABFB1A00909A3A /* Build configuration list for PBXNativeTarget "Nirmal_PracticalTestUITests" */;
			buildPhases = (
				5E24DD8F26ABFB1A00909A3A /* Sources */,
				5E24DD9026ABFB1A00909A3A /* Frameworks */,
				5E24DD9126ABFB1A00909A3A /* Resources */,
			);
			buildRules = (
			);
			dependencies = (
				5E24DD9526ABFB1A00909A3A /* PBXTargetDependency */,
			);
			name = Nirmal_PracticalTestUITests;
			productName = Nirmal_PracticalTestUITests;
			productReference = 5E24DD9326ABFB1A00909A3A /* Nirmal_PracticalTestUITests.xctest */;
			productType = "com.apple.product-type.bundle.ui-testing";
		};
/* End PBXNativeTarget section */

/* Begin PBXProject section */
		5E24DD6726ABFB1900909A3A /* Project object */ = {
			isa = PBXProject;
			attributes = {
				LastSwiftUpdateCheck = 1240;
				LastUpgradeCheck = 1240;
				TargetAttributes = {
					5E24DD6E26ABFB1900909A3A = {
						CreatedOnToolsVersion = 12.4;
					};
					5E24DD8726ABFB1A00909A3A = {
						CreatedOnToolsVersion = 12.4;
						TestTargetID = 5E24DD6E26ABFB1900909A3A;
					};
					5E24DD9226ABFB1A00909A3A = {
						CreatedOnToolsVersion = 12.4;
						TestTargetID = 5E24DD6E26ABFB1900909A3A;
					};
				};
			};
			buildConfigurationList = 5E24DD6A26ABFB1900909A3A /* Build configuration list for PBXProject "Nirmal_PracticalTest" */;
			compatibilityVersion = "Xcode 9.3";
			developmentRegion = en;
			hasScannedForEncodings = 0;
			knownRegions = (
				en,
				Base,
			);
			mainGroup = 5E24DD6626ABFB1900909A3A;
			productRefGroup = 5E24DD7026ABFB1900909A3A /* Products */;
			projectDirPath = "";
			projectRoot = "";
			targets = (
				5E24DD6E26ABFB1900909A3A /* Nirmal_PracticalTest */,
				5E24DD8726ABFB1A00909A3A /* Nirmal_PracticalTestTests */,
				5E24DD9226ABFB1A00909A3A /* Nirmal_PracticalTestUITests */,
			);
		};
/* End PBXProject section */

/* Begin PBXResourcesBuildPhase section */
		5E24DD6D26ABFB1900909A3A /* Resources */ = {
			isa = PBXResourcesBuildPhase;
			buildActionMask = 2147483647;
			files = (
				5E24DD8226ABFB1A00909A3A /* LaunchScreen.storyboard in Resources */,
				5E24DD7F26ABFB1A00909A3A /* Assets.xcassets in Resources */,
				5E24DDCD26AC01D500909A3A /* NewsCell.xib in Resources */,
				5E24DD7A26ABFB1900909A3A /* Main.storyboard in Resources */,
			);
			runOnlyForDeploymentPostprocessing = 0;
		};
		5E24DD8626ABFB1A00909A3A /* Resources */ = {
			isa = PBXResourcesBuildPhase;
			buildActionMask = 2147483647;
			files = (
			);
			runOnlyForDeploymentPostprocessing = 0;
		};
		5E24DD9126ABFB1A00909A3A /* Resources */ = {
			isa = PBXResourcesBuildPhase;
			buildActionMask = 2147483647;
			files = (
			);
			runOnlyForDeploymentPostprocessing = 0;
		};
/* End PBXResourcesBuildPhase section */

/* Begin PBXSourcesBuildPhase section */
		5E24DD6B26ABFB1900909A3A /* Sources */ = {
			isa = PBXSourcesBuildPhase;
			buildActionMask = 2147483647;
			files = (
				5E24DD7726ABFB1900909A3A /* NewsListViewController.swift in Sources */,
				5E0F2FA826AC3D2A0048CC70 /* EEZoomableImageView.swift in Sources */,
				5E24DDCC26AC01D500909A3A /* NewsCell.swift in Sources */,
				5E24DDE126AC2A3000909A3A /* DatabaseManager.swift in Sources */,
				5E24DD7326ABFB1900909A3A /* AppDelegate.swift in Sources */,
				5E24DD7D26ABFB1900909A3A /* Nirmal_PracticalTest.xcdatamodeld in Sources */,
				5E24DDAD26ABFE1F00909A3A /* Source.swift in Sources */,
				5E24DDD226AC06FF00909A3A /* Extensions.swift in Sources */,
				5E24DDD726AC0FA600909A3A /* NewsDetailViewController.swift in Sources */,
				5E24DDAB26ABFE1F00909A3A /* News.swift in Sources */,
				5E24DDAC26ABFE1F00909A3A /* Articles.swift in Sources */,
				5E24DD7526ABFB1900909A3A /* SceneDelegate.swift in Sources */,
				5E24DDDC26AC1DBE00909A3A /* WebViewViewController.swift in Sources */,
				5E24DDBA26ABFEAC00909A3A /* Contant.swift in Sources */,
			);
			runOnlyForDeploymentPostprocessing = 0;
		};
		5E24DD8426ABFB1A00909A3A /* Sources */ = {
			isa = PBXSourcesBuildPhase;
			buildActionMask = 2147483647;
			files = (
				5E24DD8D26ABFB1A00909A3A /* Nirmal_PracticalTestTests.swift in Sources */,
			);
			runOnlyForDeploymentPostprocessing = 0;
		};
		5E24DD8F26ABFB1A00909A3A /* Sources */ = {
			isa = PBXSourcesBuildPhase;
			buildActionMask = 2147483647;
			files = (
				5E24DD9826ABFB1A00909A3A /* Nirmal_PracticalTestUITests.swift in Sources */,
			);
			runOnlyForDeploymentPostprocessing = 0;
		};
/* End PBXSourcesBuildPhase section */

/* Begin PBXTargetDependency section */
		5E24DD8A26ABFB1A00909A3A /* PBXTargetDependency */ = {
			isa = PBXTargetDependency;
			target = 5E24DD6E26ABFB1900909A3A /* Nirmal_PracticalTest */;
			targetProxy = 5E24DD8926ABFB1A00909A3A /* PBXContainerItemProxy */;
		};
		5E24DD9526ABFB1A00909A3A /* PBXTargetDependency */ = {
			isa = PBXTargetDependency;
			target = 5E24DD6E26ABFB1900909A3A /* Nirmal_PracticalTest */;
			targetProxy = 5E24DD9426ABFB1A00909A3A /* PBXContainerItemProxy */;
		};
/* End PBXTargetDependency section */

/* Begin PBXVariantGroup section */
		5E24DD7826ABFB1900909A3A /* Main.storyboard */ = {
			isa = PBXVariantGroup;
			children = (
				5E24DD7926ABFB1900909A3A /* Base */,
			);
			name = Main.storyboard;
			sourceTree = "<group>";
		};
		5E24DD8026ABFB1A00909A3A /* LaunchScreen.storyboard */ = {
			isa = PBXVariantGroup;
			children = (
				5E24DD8126ABFB1A00909A3A /* Base */,
			);
			name = LaunchScreen.storyboard;
			sourceTree = "<group>";
		};
/* End PBXVariantGroup section */

/* Begin XCBuildConfiguration section */
		5E24DD9A26ABFB1A00909A3A /* Debug */ = {
			isa = XCBuildConfiguration;
			buildSettings = {
				ALWAYS_SEARCH_USER_PATHS = NO;
				CLANG_ANALYZER_NONNULL = YES;
				CLANG_ANALYZER_NUMBER_OBJECT_CONVERSION = YES_AGGRESSIVE;
				CLANG_CXX_LANGUAGE_STANDARD = "gnu++14";
				CLANG_CXX_LIBRARY = "libc++";
				CLANG_ENABLE_MODULES = YES;
				CLANG_ENABLE_OBJC_ARC = YES;
				CLANG_ENABLE_OBJC_WEAK = YES;
				CLANG_WARN_BLOCK_CAPTURE_AUTORELEASING = YES;
				CLANG_WARN_BOOL_CONVERSION = YES;
				CLANG_WARN_COMMA = YES;
				CLANG_WARN_CONSTANT_CONVERSION = YES;
				CLANG_WARN_DEPRECATED_OBJC_IMPLEMENTATIONS = YES;
				CLANG_WARN_DIRECT_OBJC_ISA_USAGE = YES_ERROR;
				CLANG_WARN_DOCUMENTATION_COMMENTS = YES;
				CLANG_WARN_EMPTY_BODY = YES;
				CLANG_WARN_ENUM_CONVERSION = YES;
				CLANG_WARN_INFINITE_RECURSION = YES;
				CLANG_WARN_INT_CONVERSION = YES;
				CLANG_WARN_NON_LITERAL_NULL_CONVERSION = YES;
				CLANG_WARN_OBJC_IMPLICIT_RETAIN_SELF = YES;
				CLANG_WARN_OBJC_LITERAL_CONVERSION = YES;
				CLANG_WARN_OBJC_ROOT_CLASS = YES_ERROR;
				CLANG_WARN_QUOTED_INCLUDE_IN_FRAMEWORK_HEADER = YES;
				CLANG_WARN_RANGE_LOOP_ANALYSIS = YES;
				CLANG_WARN_STRICT_PROTOTYPES = YES;
				CLANG_WARN_SUSPICIOUS_MOVE = YES;
				CLANG_WARN_UNGUARDED_AVAILABILITY = YES_AGGRESSIVE;
				CLANG_WARN_UNREACHABLE_CODE = YES;
				CLANG_WARN__DUPLICATE_METHOD_MATCH = YES;
				COPY_PHASE_STRIP = NO;
				DEBUG_INFORMATION_FORMAT = dwarf;
				ENABLE_STRICT_OBJC_MSGSEND = YES;
				ENABLE_TESTABILITY = YES;
				GCC_C_LANGUAGE_STANDARD = gnu11;
				GCC_DYNAMIC_NO_PIC = NO;
				GCC_NO_COMMON_BLOCKS = YES;
				GCC_OPTIMIZATION_LEVEL = 0;
				GCC_PREPROCESSOR_DEFINITIONS = (
					"DEBUG=1",
					"$(inherited)",
				);
				GCC_WARN_64_TO_32_BIT_CONVERSION = YES;
				GCC_WARN_ABOUT_RETURN_TYPE = YES_ERROR;
				GCC_WARN_UNDECLARED_SELECTOR = YES;
				GCC_WARN_UNINITIALIZED_AUTOS = YES_AGGRESSIVE;
				GCC_WARN_UNUSED_FUNCTION = YES;
				GCC_WARN_UNUSED_VARIABLE = YES;
				IPHONEOS_DEPLOYMENT_TARGET = 14.4;
				MTL_ENABLE_DEBUG_INFO = INCLUDE_SOURCE;
				MTL_FAST_MATH = YES;
				ONLY_ACTIVE_ARCH = YES;
				SDKROOT = iphoneos;
				SWIFT_ACTIVE_COMPILATION_CONDITIONS = DEBUG;
				SWIFT_OPTIMIZATION_LEVEL = "-Onone";
			};
			name = Debug;
		};
		5E24DD9B26ABFB1A00909A3A /* Release */ = {
			isa = XCBuildConfiguration;
			buildSettings = {
				ALWAYS_SEARCH_USER_PATHS = NO;
				CLANG_ANALYZER_NONNULL = YES;
				CLANG_ANALYZER_NUMBER_OBJECT_CONVERSION = YES_AGGRESSIVE;
				CLANG_CXX_LANGUAGE_STANDARD = "gnu++14";
				CLANG_CXX_LIBRARY = "libc++";
				CLANG_ENABLE_MODULES = YES;
				CLANG_ENABLE_OBJC_ARC = YES;
				CLANG_ENABLE_OBJC_WEAK = YES;
				CLANG_WARN_BLOCK_CAPTURE_AUTORELEASING = YES;
				CLANG_WARN_BOOL_CONVERSION = YES;
				CLANG_WARN_COMMA = YES;
				CLANG_WARN_CONSTANT_CONVERSION = YES;
				CLANG_WARN_DEPRECATED_OBJC_IMPLEMENTATIONS = YES;
				CLANG_WARN_DIRECT_OBJC_ISA_USAGE = YES_ERROR;
				CLANG_WARN_DOCUMENTATION_COMMENTS = YES;
				CLANG_WARN_EMPTY_BODY = YES;
				CLANG_WARN_ENUM_CONVERSION = YES;
				CLANG_WARN_INFINITE_RECURSION = YES;
				CLANG_WARN_INT_CONVERSION = YES;
				CLANG_WARN_NON_LITERAL_NULL_CONVERSION = YES;
				CLANG_WARN_OBJC_IMPLICIT_RETAIN_SELF = YES;
				CLANG_WARN_OBJC_LITERAL_CONVERSION = YES;
				CLANG_WARN_OBJC_ROOT_CLASS = YES_ERROR;
				CLANG_WARN_QUOTED_INCLUDE_IN_FRAMEWORK_HEADER = YES;
				CLANG_WARN_RANGE_LOOP_ANALYSIS = YES;
				CLANG_WARN_STRICT_PROTOTYPES = YES;
				CLANG_WARN_SUSPICIOUS_MOVE = YES;
				CLANG_WARN_UNGUARDED_AVAILABILITY = YES_AGGRESSIVE;
				CLANG_WARN_UNREACHABLE_CODE = YES;
				CLANG_WARN__DUPLICATE_METHOD_MATCH = YES;
				COPY_PHASE_STRIP = NO;
				DEBUG_INFORMATION_FORMAT = "dwarf-with-dsym";
				ENABLE_NS_ASSERTIONS = NO;
				ENABLE_STRICT_OBJC_MSGSEND = YES;
				GCC_C_LANGUAGE_STANDARD = gnu11;
				GCC_NO_COMMON_BLOCKS = YES;
				GCC_WARN_64_TO_32_BIT_CONVERSION = YES;
				GCC_WARN_ABOUT_RETURN_TYPE = YES_ERROR;
				GCC_WARN_UNDECLARED_SELECTOR = YES;
				GCC_WARN_UNINITIALIZED_AUTOS = YES_AGGRESSIVE;
				GCC_WARN_UNUSED_FUNCTION = YES;
				GCC_WARN_UNUSED_VARIABLE = YES;
				IPHONEOS_DEPLOYMENT_TARGET = 14.4;
				MTL_ENABLE_DEBUG_INFO = NO;
				MTL_FAST_MATH = YES;
				SDKROOT = iphoneos;
				SWIFT_COMPILATION_MODE = wholemodule;
				SWIFT_OPTIMIZATION_LEVEL = "-O";
				VALIDATE_PRODUCT = YES;
			};
			name = Release;
		};
		5E24DD9D26ABFB1A00909A3A /* Debug */ = {
			isa = XCBuildConfiguration;
			buildSettings = {
				ASSETCATALOG_COMPILER_APPICON_NAME = AppIcon;
				ASSETCATALOG_COMPILER_GLOBAL_ACCENT_COLOR_NAME = AccentColor;
				CODE_SIGN_STYLE = Automatic;
				INFOPLIST_FILE = Nirmal_PracticalTest/Info.plist;
				LD_RUNPATH_SEARCH_PATHS = (
					"$(inherited)",
					"@executable_path/Frameworks",
				);
				PRODUCT_BUNDLE_IDENTIFIER = "com.emb.Nirmal-PracticalTest";
				PRODUCT_NAME = "$(TARGET_NAME)";
				SWIFT_VERSION = 5.0;
				TARGETED_DEVICE_FAMILY = "1,2";
			};
			name = Debug;
		};
		5E24DD9E26ABFB1A00909A3A /* Release */ = {
			isa = XCBuildConfiguration;
			buildSettings = {
				ASSETCATALOG_COMPILER_APPICON_NAME = AppIcon;
				ASSETCATALOG_COMPILER_GLOBAL_ACCENT_COLOR_NAME = AccentColor;
				CODE_SIGN_STYLE = Automatic;
				INFOPLIST_FILE = Nirmal_PracticalTest/Info.plist;
				LD_RUNPATH_SEARCH_PATHS = (
					"$(inherited)",
					"@executable_path/Frameworks",
				);
				PRODUCT_BUNDLE_IDENTIFIER = "com.emb.Nirmal-PracticalTest";
				PRODUCT_NAME = "$(TARGET_NAME)";
				SWIFT_VERSION = 5.0;
				TARGETED_DEVICE_FAMILY = "1,2";
			};
			name = Release;
		};
		5E24DDA026ABFB1A00909A3A /* Debug */ = {
			isa = XCBuildConfiguration;
			buildSettings = {
				ALWAYS_EMBED_SWIFT_STANDARD_LIBRARIES = YES;
				BUNDLE_LOADER = "$(TEST_HOST)";
				CODE_SIGN_STYLE = Automatic;
				INFOPLIST_FILE = Nirmal_PracticalTestTests/Info.plist;
				IPHONEOS_DEPLOYMENT_TARGET = 14.4;
				LD_RUNPATH_SEARCH_PATHS = (
					"$(inherited)",
					"@executable_path/Frameworks",
					"@loader_path/Frameworks",
				);
				PRODUCT_BUNDLE_IDENTIFIER = "com.emb.Nirmal-PracticalTestTests";
				PRODUCT_NAME = "$(TARGET_NAME)";
				SWIFT_VERSION = 5.0;
				TARGETED_DEVICE_FAMILY = "1,2";
				TEST_HOST = "$(BUILT_PRODUCTS_DIR)/Nirmal_PracticalTest.app/Nirmal_PracticalTest";
			};
			name = Debug;
		};
		5E24DDA126ABFB1A00909A3A /* Release */ = {
			isa = XCBuildConfiguration;
			buildSettings = {
				ALWAYS_EMBED_SWIFT_STANDARD_LIBRARIES = YES;
				BUNDLE_LOADER = "$(TEST_HOST)";
				CODE_SIGN_STYLE = Automatic;
				INFOPLIST_FILE = Nirmal_PracticalTestTests/Info.plist;
				IPHONEOS_DEPLOYMENT_TARGET = 14.4;
				LD_RUNPATH_SEARCH_PATHS = (
					"$(inherited)",
					"@executable_path/Frameworks",
					"@loader_path/Frameworks",
				);
				PRODUCT_BUNDLE_IDENTIFIER = "com.emb.Nirmal-PracticalTestTests";
				PRODUCT_NAME = "$(TARGET_NAME)";
				SWIFT_VERSION = 5.0;
				TARGETED_DEVICE_FAMILY = "1,2";
				TEST_HOST = "$(BUILT_PRODUCTS_DIR)/Nirmal_PracticalTest.app/Nirmal_PracticalTest";
			};
			name = Release;
		};
		5E24DDA326ABFB1A00909A3A /* Debug */ = {
			isa = XCBuildConfiguration;
			buildSettings = {
				ALWAYS_EMBED_SWIFT_STANDARD_LIBRARIES = YES;
				CODE_SIGN_STYLE = Automatic;
				INFOPLIST_FILE = Nirmal_PracticalTestUITests/Info.plist;
				LD_RUNPATH_SEARCH_PATHS = (
					"$(inherited)",
					"@executable_path/Frameworks",
					"@loader_path/Frameworks",
				);
				PRODUCT_BUNDLE_IDENTIFIER = "com.emb.Nirmal-PracticalTestUITests";
				PRODUCT_NAME = "$(TARGET_NAME)";
				SWIFT_VERSION = 5.0;
				TARGETED_DEVICE_FAMILY = "1,2";
				TEST_TARGET_NAME = Nirmal_PracticalTest;
			};
			name = Debug;
		};
		5E24DDA426ABFB1A00909A3A /* Release */ = {
			isa = XCBuildConfiguration;
			buildSettings = {
				ALWAYS_EMBED_SWIFT_STANDARD_LIBRARIES = YES;
				CODE_SIGN_STYLE = Automatic;
				INFOPLIST_FILE = Nirmal_PracticalTestUITests/Info.plist;
				LD_RUNPATH_SEARCH_PATHS = (
					"$(inherited)",
					"@executable_path/Frameworks",
					"@loader_path/Frameworks",
				);
				PRODUCT_BUNDLE_IDENTIFIER = "com.emb.Nirmal-PracticalTestUITests";
				PRODUCT_NAME = "$(TARGET_NAME)";
				SWIFT_VERSION = 5.0;
				TARGETED_DEVICE_FAMILY = "1,2";
				TEST_TARGET_NAME = Nirmal_PracticalTest;
			};
			name = Release;
		};
/* End XCBuildConfiguration section */

/* Begin XCConfigurationList section */
		5E24DD6A26ABFB1900909A3A /* Build configuration list for PBXProject "Nirmal_PracticalTest" */ = {
			isa = XCConfigurationList;
			buildConfigurations = (
				5E24DD9A26ABFB1A00909A3A /* Debug */,
				5E24DD9B26ABFB1A00909A3A /* Release */,
			);
			defaultConfigurationIsVisible = 0;
			defaultConfigurationName = Release;
		};
		5E24DD9C26ABFB1A00909A3A /* Build configuration list for PBXNativeTarget "Nirmal_PracticalTest" */ = {
			isa = XCConfigurationList;
			buildConfigurations = (
				5E24DD9D26ABFB1A00909A3A /* Debug */,
				5E24DD9E26ABFB1A00909A3A /* Release */,
			);
			defaultConfigurationIsVisible = 0;
			defaultConfigurationName = Release;
		};
		5E24DD9F26ABFB1A00909A3A /* Build configuration list for PBXNativeTarget "Nirmal_PracticalTestTests" */ = {
			isa = XCConfigurationList;
			buildConfigurations = (
				5E24DDA026ABFB1A00909A3A /* Debug */,
				5E24DDA126ABFB1A00909A3A /* Release */,
			);
			defaultConfigurationIsVisible = 0;
			defaultConfigurationName = Release;
		};
		5E24DDA226ABFB1A00909A3A /* Build configuration list for PBXNativeTarget "Nirmal_PracticalTestUITests" */ = {
			isa = XCConfigurationList;
			buildConfigurations = (
				5E24DDA326ABFB1A00909A3A /* Debug */,
				5E24DDA426ABFB1A00909A3A /* Release */,
			);
			defaultConfigurationIsVisible = 0;
			defaultConfigurationName = Release;
		};
/* End XCConfigurationList section */

/* Begin XCVersionGroup section */
		5E24DD7B26ABFB1900909A3A /* Nirmal_PracticalTest.xcdatamodeld */ = {
			isa = XCVersionGroup;
			children = (
				5E24DD7C26ABFB1900909A3A /* Nirmal_PracticalTest.xcdatamodel */,
			);
			currentVersion = 5E24DD7C26ABFB1900909A3A /* Nirmal_PracticalTest.xcdatamodel */;
			path = Nirmal_PracticalTest.xcdatamodeld;
			sourceTree = "<group>";
			versionGroupType = wrapper.xcdatamodel;
		};
/* End XCVersionGroup section */
	};
	rootObject = 5E24DD6726ABFB1900909A3A /* Project object */;
}
